
Microsoft Visual Studio Solution File, Format Version 12.00
# Visual Studio Version 16
VisualStudioVersion = 16.0.29806.167
MinimumVisualStudioVersion = 10.0.40219.1
Project("{FAE04EC0-301F-11D3-BF4B-00C04F79EFBC}") = "ChatHub", "ChatHub\ChatHub.csproj", "{6B39607D-94F3-455B-A565-F1BE0B6B1CC3}"
EndProject
Global
	GlobalSection(SolutionConfigurationPlatforms) = preSolution
		Debug|Any CPU = Debug|Any CPU
		Release|Any CPU = Release|Any CPU
	EndGlobalSection
	GlobalSection(ProjectConfigurationPlatforms) = postSolution
		{6B39607D-94F3-455B-A565-F1BE0B6B1CC3}.Debug|Any CPU.ActiveCfg = Debug|Any CPU
		{6B39607D-94F3-455B-A565-F1BE0B6B1CC3}.Debug|Any CPU.Build.0 = Debug|Any CPU
		{6B39607D-94F3-455B-A565-F1BE0B6B1CC3}.Release|Any CPU.ActiveCfg = Release|Any CPU
		{6B39607D-94F3-455B-A565-F1BE0B6B1CC3}.Release|Any CPU.Build.0 = Release|Any CPU
	EndGlobalSection
	GlobalSection(SolutionProperties) = preSolution
		HideSolutionNode = FALSE
	EndGlobalSection
	GlobalSection(ExtensibilityGlobals) = postSolution
		SolutionGuid = {763CF3D9-53FC-4B90-9430-E43E95465FCF}
	EndGlobalSection
EndGlobal
